
Microsoft Visual Studio Solution File, Format Version 12.00
# Visual Studio Version 16
VisualStudioVersion = 16.0.31613.86
MinimumVisualStudioVersion = 10.0.40219.1
Project("{FAE04EC0-301F-11D3-BF4B-00C04F79EFBC}") = "todozulu.Common", "todozulu.Common\todozulu.Common.csproj", "{7F536D7B-C507-4F2D-8F44-6824B204AD22}"
EndProject
Project("{FAE04EC0-301F-11D3-BF4B-00C04F79EFBC}") = "todozulu.Functions", "todozulu.Functions\todozulu.Functions.csproj", "{CDD757EB-96B2-4F5F-B2C0-B2E8614EE5B6}"
EndProject
Project("{FAE04EC0-301F-11D3-BF4B-00C04F79EFBC}") = "todozulu.Test", "todozulu.Test\todozulu.Test.csproj", "{64468964-3582-4939-AA69-891F0464C9B7}"
EndProject
Global
	GlobalSection(SolutionConfigurationPlatforms) = preSolution
		Debug|Any CPU = Debug|Any CPU
		Release|Any CPU = Release|Any CPU
	EndGlobalSection
	GlobalSection(ProjectConfigurationPlatforms) = postSolution
		{7F536D7B-C507-4F2D-8F44-6824B204AD22}.Debug|Any CPU.ActiveCfg = Debug|Any CPU
		{7F536D7B-C507-4F2D-8F44-6824B204AD22}.Debug|Any CPU.Build.0 = Debug|Any CPU
		{7F536D7B-C507-4F2D-8F44-6824B204AD22}.Release|Any CPU.ActiveCfg = Release|Any CPU
		{7F536D7B-C507-4F2D-8F44-6824B204AD22}.Release|Any CPU.Build.0 = Release|Any CPU
		{CDD757EB-96B2-4F5F-B2C0-B2E8614EE5B6}.Debug|Any CPU.ActiveCfg = Debug|Any CPU
		{CDD757EB-96B2-4F5F-B2C0-B2E8614EE5B6}.Debug|Any CPU.Build.0 = Debug|Any CPU
		{CDD757EB-96B2-4F5F-B2C0-B2E8614EE5B6}.Release|Any CPU.ActiveCfg = Release|Any CPU
		{CDD757EB-96B2-4F5F-B2C0-B2E8614EE5B6}.Release|Any CPU.Build.0 = Release|Any CPU
		{64468964-3582-4939-AA69-891F0464C9B7}.Debug|Any CPU.ActiveCfg = Debug|Any CPU
		{64468964-3582-4939-AA69-891F0464C9B7}.Debug|Any CPU.Build.0 = Debug|Any CPU
		{64468964-3582-4939-AA69-891F0464C9B7}.Release|Any CPU.ActiveCfg = Release|Any CPU
		{64468964-3582-4939-AA69-891F0464C9B7}.Release|Any CPU.Build.0 = Release|Any CPU
	EndGlobalSection
	GlobalSection(SolutionProperties) = preSolution
		HideSolutionNode = FALSE
	EndGlobalSection
	GlobalSection(ExtensibilityGlobals) = postSolution
		SolutionGuid = {430E22E4-EFA7-4187-AD4E-8C7FF86E3880}
	EndGlobalSection
EndGlobal
